<?xml version="1.0" encoding="utf-8"?>
<Project ToolsVersion="4.0" xmlns="http://schemas.microsoft.com/developer/msbuild/2003">
  <ItemGroup>
    <Filter Include="Source Files">
      <UniqueIdentifier>{D40CA2E5-CC32-4486-93D4-2E32C215CD06}</UniqueIdentifier>
      <Extensions>cpp;c;cc;cxx;def;odl;idl;hpj;bat;asm;asmx</Extensions>
    </Filter>
    <Filter Include="Header Files">
      <UniqueIdentifier>{5DC7221C-0CC8-4730-BFE5-DD3D544CB46A}</UniqueIdentifier>
      <Extensions>h;hpp;hxx;hm;inl;inc;xsd</Extensions>
    </Filter>
    <Filter Include="Resource Files">
      <UniqueIdentifier>{A8BE94EE-82D6-4089-AB94-8B3381AD184B}</UniqueIdentifier>
      <Extensions>rc;ico;cur;bmp;dlg;rc2;rct;bin;rgs;gif;jpg;jpeg;jpe;resx;tiff;tif;png;wav;mfcribbon-ms</Extensions>
    </Filter>
  </ItemGroup>
  <ItemGroup>
    <ClCompile Include="..\src\model\image.cpp">
      <Filter>Source Files</Filter>
    </ClCompile>
    <ClCompile Include="..\src\app\main.cpp">
      <Filter>Source Files</Filter>
    </ClCompile>
    <ClCompile Include="..\src\windows\modal-dialog.cpp">
      <Filter>Source Files</Filter>
    </ClCompile>
    <ClCompile Include="..\src\widgets\widgets.cpp">
      <Filter>Source Files</Filter>
    </ClCompile>
    <ClCompile Include="..\src\app\main-window.cpp">
      <Filter>Source Files</Filter>
    </ClCompile>
    <ClCompile Include="..\src\util\themes.cpp">
      <Filter>Source Files</Filter>
    </ClCompile>
    <ClCompile Include="..\src\model\tileset.cpp">
      <Filter>Source Files</Filter>
    </ClCompile>
    <ClCompile Include="..\src\model\palette-map.cpp">
      <Filter>Source Files</Filter>
    </ClCompile>
    <ClCompile Include="..\src\model\tile.cpp">
      <Filter>Source Files</Filter>
    </ClCompile>
    <ClCompile Include="..\src\model\metatileset.cpp">
      <Filter>Source Files</Filter>
    </ClCompile>
    <ClCompile Include="..\src\model\metatile.cpp">
      <Filter>Source Files</Filter>
    </ClCompile>
    <ClCompile Include="..\src\windows\option-dialogs.cpp">
      <Filter>Source Files</Filter>
    </ClCompile>
    <ClCompile Include="..\src\util\utils.cpp">
      <Filter>Source Files</Filter>
    </ClCompile>
    <ClCompile Include="..\src\io\config.cpp">
      <Filter>Source Files</Filter>
    </ClCompile>
    <ClCompile Include="..\src\model\map.cpp">
      <Filter>Source Files</Filter>
    </ClCompile>
    <ClCompile Include="..\src\widgets\map-buttons.cpp">
      <Filter>Source Files</Filter>
    </ClCompile>
    <ClCompile Include="..\src\model\tiled-image.cpp">
      <Filter>Source Files</Filter>
    </ClCompile>
    <ClCompile Include="..\src\windows\help-window.cpp">
      <Filter>Source Files</Filter>
    </ClCompile>
    <ClCompile Include="..\src\windows\block-window.cpp">
      <Filter>Source Files</Filter>
    </ClCompile>
    <ClCompile Include="..\src\windows\tileset-window.cpp">
      <Filter>Source Files</Filter>
    </ClCompile>
    <ClCompile Include="..\src\model\colors.cpp">
      <Filter>Source Files</Filter>
    </ClCompile>
    <ClCompile Include="..\src\windows\directory-chooser.cpp">
      <Filter>Source Files</Filter>
    </ClCompile>
    <ClCompile Include="..\src\io\preferences.cpp">
      <Filter>Source Files</Filter>
    </ClCompile>
    <ClCompile Include="..\src\windows\roof-window.cpp">
      <Filter>Source Files</Filter>
    </ClCompile>
    <ClCompile Include="..\src\widgets\hex-spinner.cpp">
      <Filter>Source Files</Filter>
    </ClCompile>
    <ClCompile Include="..\src\model\event.cpp">
      <Filter>Source Files</Filter>
    </ClCompile>
    <ClCompile Include="..\src\model\map-events.cpp">
      <Filter>Source Files</Filter>
    </ClCompile>
    <ClCompile Include="..\src\widgets\gameboy-screen.cpp">
      <Filter>Source Files</Filter>
    </ClCompile>
    <ClCompile Include="..\src\widgets\ruler.cpp">
      <Filter>Source Files</Filter>
    </ClCompile>
    <ClCompile Include="..\src\windows\palette-window.cpp">
      <Filter>Source Files</Filter>
    </ClCompile>
    <ClCompile Include="..\src\io\parse-asm.cpp">
      <Filter>Source Files</Filter>
    </ClCompile>
  </ItemGroup>
  <ItemGroup>
    <ClInclude Include="..\src\model\image.h">
      <Filter>Header Files</Filter>
    </ClInclude>
    <ClInclude Include="..\src\windows\modal-dialog.h">
      <Filter>Header Files</Filter>
    </ClInclude>
    <ClInclude Include="..\src\util\utils.h">
      <Filter>Header Files</Filter>
    </ClInclude>
    <ClInclude Include="..\src\widgets\widgets.h">
      <Filter>Header Files</Filter>
    </ClInclude>
    <ClInclude Include="..\src\app\main-window.h">
      <Filter>Header Files</Filter>
    </ClInclude>
    <ClInclude Include="..\src\util\themes.h">
      <Filter>Header Files</Filter>
    </ClInclude>
    <ClInclude Include="..\src\resource.h">
      <Filter>Header Files</Filter>
    </ClInclude>
    <ClInclude Include="..\src\version.h">
      <Filter>Header Files</Filter>
    </ClInclude>
    <ClInclude Include="..\src\icons.h">
      <Filter>Header Files</Filter>
    </ClInclude>
    <ClInclude Include="..\src\model\tileset.h">
      <Filter>Header Files</Filter>
    </ClInclude>
    <ClInclude Include="..\src\model\palette-map.h">
      <Filter>Header Files</Filter>
    </ClInclude>
    <ClInclude Include="..\src\model\tile.h">
      <Filter>Header Files</Filter>
    </ClInclude>
    <ClInclude Include="..\src\model\metatileset.h">
      <Filter>Header Files</Filter>
    </ClInclude>
    <ClInclude Include="..\src\model\metatile.h">
      <Filter>Header Files</Filter>
    </ClInclude>
    <ClInclude Include="..\src\windows\option-dialogs.h">
      <Filter>Header Files</Filter>
    </ClInclude>
    <ClInclude Include="..\src\io\config.h">
      <Filter>Header Files</Filter>
    </ClInclude>
    <ClInclude Include="..\src\model\map.h">
      <Filter>Header Files</Filter>
    </ClInclude>
    <ClInclude Include="..\src\widgets\map-buttons.h">
      <Filter>Header Files</Filter>
    </ClInclude>
    <ClInclude Include="..\src\model\tiled-image.h">
      <Filter>Header Files</Filter>
    </ClInclude>
    <ClInclude Include="..\src\windows\help-window.h">
      <Filter>Header Files</Filter>
    </ClInclude>
    <ClInclude Include="..\src\windows\block-window.h">
      <Filter>Header Files</Filter>
    </ClInclude>
    <ClInclude Include="..\src\windows\tileset-window.h">
      <Filter>Header Files</Filter>
    </ClInclude>
    <ClInclude Include="..\src\model\colors.h">
      <Filter>Header Files</Filter>
    </ClInclude>
    <ClInclude Include="..\src\windows\directory-chooser.h">
      <Filter>Header Files</Filter>
    </ClInclude>
    <ClInclude Include="..\src\io\preferences.h">
      <Filter>Header Files</Filter>
    </ClInclude>
    <ClInclude Include="..\src\windows\roof-window.h">
      <Filter>Header Files</Filter>
    </ClInclude>
    <ClInclude Include="..\src\widgets\hex-spinner.h">
      <Filter>Header Files</Filter>
    </ClInclude>
    <ClInclude Include="..\src\model\event.h">
      <Filter>Header Files</Filter>
    </ClInclude>
    <ClInclude Include="..\src\model\map-events.h">
      <Filter>Header Files</Filter>
    </ClInclude>
    <ClInclude Include="..\src\widgets\gameboy-screen.h">
      <Filter>Header Files</Filter>
    </ClInclude>
    <ClInclude Include="..\src\widgets\ruler.h">
      <Filter>Header Files</Filter>
    </ClInclude>
    <ClInclude Include="..\src\windows\palette-window.h">
      <Filter>Header Files</Filter>
    </ClInclude>
    <ClInclude Include="..\src\io\parse-asm.h">
      <Filter>Header Files</Filter>
    </ClInclude>
  </ItemGroup>
  <ItemGroup>
    <None Include="..\res\app.ico">
      <Filter>Resource Files</Filter>
    </None>
    <None Include="..\res\error.xpm">
      <Filter>Resource Files</Filter>
    </None>
    <None Include="..\res\open.xpm">
      <Filter>Resource Files</Filter>
    </None>
    <None Include="..\res\save.xpm">
      <Filter>Resource Files</Filter>
    </None>
    <None Include="..\res\success.xpm">
      <Filter>Resource Files</Filter>
    </None>
    <None Include="..\res\warning.xpm">
      <Filter>Resource Files</Filter>
    </None>
    <None Include="..\res\hex.xpm">
      <Filter>Resource Files</Filter>
    </None>
    <None Include="..\res\zoom.xpm">
      <Filter>Resource Files</Filter>
    </None>
    <None Include="..\res\grid.xpm">
      <Filter>Resource Files</Filter>
    </None>
    <None Include="..\res\ids.xpm">
      <Filter>Resource Files</Filter>
    </None>
    <None Include="..\res\new.xpm">
      <Filter>Resource Files</Filter>
    </None>
    <None Include="..\res\print.xpm">
      <Filter>Resource Files</Filter>
    </None>
    <None Include="..\res\redo.xpm">
      <Filter>Resource Files</Filter>
    </None>
    <None Include="..\res\resize.xpm">
      <Filter>Resource Files</Filter>
    </None>
    <None Include="..\res\undo.xpm">
      <Filter>Resource Files</Filter>
    </None>
    <None Include="..\res\app.xpm">
      <Filter>Resource Files</Filter>
    </None>
    <None Include="..\res\help.html">
      <Filter>Resource Files</Filter>
    </None>
    <None Include="..\res\add-sub.xpm">
      <Filter>Resource Files</Filter>
    </None>
    <None Include="..\res\tileset.xpm">
      <Filter>Resource Files</Filter>
    </None>
    <None Include="..\res\change.xpm">
      <Filter>Resource Files</Filter>
    </None>
    <None Include="..\res\events.xpm">
      <Filter>Resource Files</Filter>
    </None>
    <None Include="..\res\load.xpm">
      <Filter>Resource Files</Filter>
    </None>
    <None Include="..\res\show.xpm">
      <Filter>Resource Files</Filter>
    </None>
    <None Include="..\res\blocks.xpm">
      <Filter>Resource Files</Filter>
    </None>
    <None Include="..\res\coll-bottom-left.xpm">
      <Filter>Resource Files</Filter>
    </None>
    <None Include="..\res\coll-bottom-right.xpm">
      <Filter>Resource Files</Filter>
    </None>
    <None Include="..\res\coll-top-left.xpm">
      <Filter>Resource Files</Filter>
    </None>
    <None Include="..\res\coll-top-right.xpm">
      <Filter>Resource Files</Filter>
    </None>
    <None Include="..\res\change-roof.xpm">
      <Filter>Resource Files</Filter>
    </None>
    <None Include="..\res\roof.xpm">
      <Filter>Resource Files</Filter>
    </None>
    <None Include="..\res\priority.xpm">
      <Filter>Resource Files</Filter>
    </None>
    <None Include="..\res\reload.xpm">
      <Filter>Resource Files</Filter>
    </None>
    <None Include="..\res\gameboy.xpm">
      <Filter>Resource Files</Filter>
    </None>
    <None Include="..\res\copy.xpm">
      <Filter>Resource Files</Filter>
    </None>
    <None Include="..\res\paste.xpm">
      <Filter>Resource Files</Filter>
    </None>
    <None Include="..\res\rulers.xpm">
      <Filter>Resource Files</Filter>
    </None>
    <None Include="..\res\blank.xpm">
      <Filter>Resource Files</Filter>
    </None>
    <None Include="..\res\load-palettes.xpm">
      <Filter>Resource Files</Filter>
    </None>
    <None Include="..\res\palettes.xpm">
      <Filter>Resource Files</Filter>
    </None>
    <None Include="..\res\blocks-dark.xpm">
      <Filter>Resource Files</Filter>
    </None>
    <None Include="..\res\coll-bottom-left-dark.xpm">
      <Filter>Resource Files</Filter>
    </None>
    <None Include="..\res\coll-bottom-right-dark.xpm">
      <Filter>Resource Files</Filter>
    </None>
    <None Include="..\res\coll-top-left-dark.xpm">
      <Filter>Resource Files</Filter>
    </None>
    <None Include="..\res\coll-top-right-dark.xpm">
      <Filter>Resource Files</Filter>
    </None>
    <None Include="..\res\grid-dark.xpm">
      <Filter>Resource Files</Filter>
    </None>
    <None Include="..\res\hex-dark.xpm">
      <Filter>Resource Files</Filter>
    </None>
    <None Include="..\res\ids-dark.xpm">
      <Filter>Resource Files</Filter>
    </None>
    <None Include="..\res\brushed-metal.dat">
      <Filter>Resource Files</Filter>
    </None>
    <None Include="..\res\warp.xpm">
      <Filter>Resource Files</Filter>
    </None>
  </ItemGroup>
  <ItemGroup>
    <ResourceCompile Include="polished-map.rc">
      <Filter>Resource Files</Filter>
    </ResourceCompile>
  </ItemGroup>
</Project>